
Microsoft Visual Studio Solution File, Format Version 12.00
# Visual Studio 15
VisualStudioVersion = 15.0.27703.2047
MinimumVisualStudioVersion = 10.0.40219.1
Project("{9A19103F-16F7-4668-BE54-9A1E7A4F7556}") = "ConfluentKafkaExample", "KafkaExamples\ConfluentKafkaExample.csproj", "{516BC97C-4CC5-4BF7-9498-9BAE284CE569}"
EndProject
Global
	GlobalSection(SolutionConfigurationPlatforms) = preSolution
		Debug|Any CPU = Debug|Any CPU
		Release|Any CPU = Release|Any CPU
	EndGlobalSection
	GlobalSection(ProjectConfigurationPlatforms) = postSolution
		{516BC97C-4CC5-4BF7-9498-9BAE284CE569}.Debug|Any CPU.ActiveCfg = Debug|Any CPU
		{516BC97C-4CC5-4BF7-9498-9BAE284CE569}.Debug|Any CPU.Build.0 = Debug|Any CPU
		{516BC97C-4CC5-4BF7-9498-9BAE284CE569}.Release|Any CPU.ActiveCfg = Release|Any CPU
		{516BC97C-4CC5-4BF7-9498-9BAE284CE569}.Release|Any CPU.Build.0 = Release|Any CPU
	EndGlobalSection
	GlobalSection(SolutionProperties) = preSolution
		HideSolutionNode = FALSE
	EndGlobalSection
	GlobalSection(ExtensibilityGlobals) = postSolution
		SolutionGuid = {49CFEBB6-0CB6-43DD-B790-65DC780EFA40}
	EndGlobalSection
EndGlobal
